// !$*UTF8*$!
{
	archiveVersion = 1;
	classes = {
	};
	objectVersion = 56;
	objects = {

/* Begin PBXBuildFile section */
		1B82BD632A9DBED000057035 /* ImageClient.swift in Sources */ = {isa = PBXBuildFile; fileRef = 1B82BD622A9DBED000057035 /* ImageClient.swift */; };
		1BF0F74C2A971B9E00C45FFE /* QuoteImage.swift in Sources */ = {isa = PBXBuildFile; fileRef = 1BF0F74B2A971B9E00C45FFE /* QuoteImage.swift */; };
		1F2A0BBB2A93322500136436 /* RegisterViewController.swift in Sources */ = {isa = PBXBuildFile; fileRef = 1F2A0BBA2A93322500136436 /* RegisterViewController.swift */; };
		1F2B179E2A9481D00061AE0A /* HomeViewController.swift in Sources */ = {isa = PBXBuildFile; fileRef = 1F2B179D2A9481D00061AE0A /* HomeViewController.swift */; };
		1F2B17A02A94B8F60061AE0A /* photoCollectionViewCell.swift in Sources */ = {isa = PBXBuildFile; fileRef = 1F2B179F2A94B8F60061AE0A /* photoCollectionViewCell.swift */; };
		1F3B855E2A952FDC009B810E /* Quote.swift in Sources */ = {isa = PBXBuildFile; fileRef = 1F3B855D2A952FDC009B810E /* Quote.swift */; };
		1F7050B82A8CACE300A3A82F /* GlobalObjects.swift in Sources */ = {isa = PBXBuildFile; fileRef = 1F7050B72A8CACE300A3A82F /* GlobalObjects.swift */; };
		1FA8EE092A930BDA007E5478 /* FirebaseAuth in Frameworks */ = {isa = PBXBuildFile; productRef = 1FA8EE082A930BDA007E5478 /* FirebaseAuth */; };
		1FA8EE0B2A930BDA007E5478 /* FirebaseFirestore in Frameworks */ = {isa = PBXBuildFile; productRef = 1FA8EE0A2A930BDA007E5478 /* FirebaseFirestore */; };
		B520D7CF2A83F761002D9EE7 /* AppDelegate.swift in Sources */ = {isa = PBXBuildFile; fileRef = B520D7CE2A83F761002D9EE7 /* AppDelegate.swift */; };
		B520D7D12A83F761002D9EE7 /* SceneDelegate.swift in Sources */ = {isa = PBXBuildFile; fileRef = B520D7D02A83F761002D9EE7 /* SceneDelegate.swift */; };
		B520D7D32A83F761002D9EE7 /* RegisterViewController1.swift in Sources */ = {isa = PBXBuildFile; fileRef = B520D7D22A83F761002D9EE7 /* RegisterViewController1.swift */; };
		B520D7D62A83F761002D9EE7 /* Main.storyboard in Resources */ = {isa = PBXBuildFile; fileRef = B520D7D42A83F761002D9EE7 /* Main.storyboard */; };
		B520D7D82A83F763002D9EE7 /* Assets.xcassets in Resources */ = {isa = PBXBuildFile; fileRef = B520D7D72A83F763002D9EE7 /* Assets.xcassets */; };
		B520D7DB2A83F763002D9EE7 /* LaunchScreen.storyboard in Resources */ = {isa = PBXBuildFile; fileRef = B520D7D92A83F763002D9EE7 /* LaunchScreen.storyboard */; };
		B52CA25A2A87A7850020F33C /* SelectCountryViewController.swift in Sources */ = {isa = PBXBuildFile; fileRef = B52CA2592A87A7850020F33C /* SelectCountryViewController.swift */; };
		B52CA25D2A87A7C10020F33C /* Country.swift in Sources */ = {isa = PBXBuildFile; fileRef = B52CA25C2A87A7C10020F33C /* Country.swift */; };
		B52CA2602A87ADBB0020F33C /* CountryTableViewCell.swift in Sources */ = {isa = PBXBuildFile; fileRef = B52CA25F2A87ADBB0020F33C /* CountryTableViewCell.swift */; };
		B52CA2622A87B1E30020F33C /* APIClient.swift in Sources */ = {isa = PBXBuildFile; fileRef = B52CA2612A87B1E30020F33C /* APIClient.swift */; };
/* End PBXBuildFile section */

/* Begin PBXFileReference section */
		1B82BD622A9DBED000057035 /* ImageClient.swift */ = {isa = PBXFileReference; lastKnownFileType = sourcecode.swift; path = ImageClient.swift; sourceTree = "<group>"; };
		1BF0F74B2A971B9E00C45FFE /* QuoteImage.swift */ = {isa = PBXFileReference; lastKnownFileType = sourcecode.swift; path = QuoteImage.swift; sourceTree = "<group>"; };
		1F0702C52A9289EF00AF3642 /* GoogleService-Info.plist */ = {isa = PBXFileReference; lastKnownFileType = text.plist.xml; path = "GoogleService-Info.plist"; sourceTree = "<group>"; };
		1F2A0BBA2A93322500136436 /* RegisterViewController.swift */ = {isa = PBXFileReference; lastKnownFileType = sourcecode.swift; path = RegisterViewController.swift; sourceTree = "<group>"; };
		1F2B179D2A9481D00061AE0A /* HomeViewController.swift */ = {isa = PBXFileReference; lastKnownFileType = sourcecode.swift; path = HomeViewController.swift; sourceTree = "<group>"; };
		1F2B179F2A94B8F60061AE0A /* photoCollectionViewCell.swift */ = {isa = PBXFileReference; lastKnownFileType = sourcecode.swift; path = photoCollectionViewCell.swift; sourceTree = "<group>"; };
		1F3B855D2A952FDC009B810E /* Quote.swift */ = {isa = PBXFileReference; lastKnownFileType = sourcecode.swift; path = Quote.swift; sourceTree = "<group>"; };
		1F7050B72A8CACE300A3A82F /* GlobalObjects.swift */ = {isa = PBXFileReference; lastKnownFileType = sourcecode.swift; path = GlobalObjects.swift; sourceTree = "<group>"; };
		1FA8EE0C2A930FCB007E5478 /* Quotable.entitlements */ = {isa = PBXFileReference; lastKnownFileType = text.plist.entitlements; path = Quotable.entitlements; sourceTree = "<group>"; };
		B520D7CB2A83F761002D9EE7 /* Quotable.app */ = {isa = PBXFileReference; explicitFileType = wrapper.application; includeInIndex = 0; path = Quotable.app; sourceTree = BUILT_PRODUCTS_DIR; };
		B520D7CE2A83F761002D9EE7 /* AppDelegate.swift */ = {isa = PBXFileReference; lastKnownFileType = sourcecode.swift; path = AppDelegate.swift; sourceTree = "<group>"; };
		B520D7D02A83F761002D9EE7 /* SceneDelegate.swift */ = {isa = PBXFileReference; lastKnownFileType = sourcecode.swift; path = SceneDelegate.swift; sourceTree = "<group>"; };
		B520D7D22A83F761002D9EE7 /* RegisterViewController1.swift */ = {isa = PBXFileReference; lastKnownFileType = sourcecode.swift; path = RegisterViewController1.swift; sourceTree = "<group>"; };
		B520D7D52A83F761002D9EE7 /* Base */ = {isa = PBXFileReference; lastKnownFileType = file.storyboard; name = Base; path = Base.lproj/Main.storyboard; sourceTree = "<group>"; };
		B520D7D72A83F763002D9EE7 /* Assets.xcassets */ = {isa = PBXFileReference; lastKnownFileType = folder.assetcatalog; path = Assets.xcassets; sourceTree = "<group>"; };
		B520D7DA2A83F763002D9EE7 /* Base */ = {isa = PBXFileReference; lastKnownFileType = file.storyboard; name = Base; path = Base.lproj/LaunchScreen.storyboard; sourceTree = "<group>"; };
		B520D7DC2A83F763002D9EE7 /* Info.plist */ = {isa = PBXFileReference; lastKnownFileType = text.plist.xml; path = Info.plist; sourceTree = "<group>"; };
		B52CA2592A87A7850020F33C /* SelectCountryViewController.swift */ = {isa = PBXFileReference; lastKnownFileType = sourcecode.swift; path = SelectCountryViewController.swift; sourceTree = "<group>"; };
		B52CA25C2A87A7C10020F33C /* Country.swift */ = {isa = PBXFileReference; lastKnownFileType = sourcecode.swift; path = Country.swift; sourceTree = "<group>"; };
		B52CA25F2A87ADBB0020F33C /* CountryTableViewCell.swift */ = {isa = PBXFileReference; lastKnownFileType = sourcecode.swift; path = CountryTableViewCell.swift; sourceTree = "<group>"; };
		B52CA2612A87B1E30020F33C /* APIClient.swift */ = {isa = PBXFileReference; lastKnownFileType = sourcecode.swift; path = APIClient.swift; sourceTree = "<group>"; };
/* End PBXFileReference section */

/* Begin PBXFrameworksBuildPhase section */
		B520D7C82A83F761002D9EE7 /* Frameworks */ = {
			isa = PBXFrameworksBuildPhase;
			buildActionMask = 2147483647;
			files = (
				1FA8EE092A930BDA007E5478 /* FirebaseAuth in Frameworks */,
				1FA8EE0B2A930BDA007E5478 /* FirebaseFirestore in Frameworks */,
			);
			runOnlyForDeploymentPostprocessing = 0;
		};
/* End PBXFrameworksBuildPhase section */

/* Begin PBXGroup section */
		1B82BD602A9DBE5F00057035 /* Data Models */ = {
			isa = PBXGroup;
			children = (
				1F3B855D2A952FDC009B810E /* Quote.swift */,
				B52CA25C2A87A7C10020F33C /* Country.swift */,
				1BF0F74B2A971B9E00C45FFE /* QuoteImage.swift */,
			);
			path = "Data Models";
			sourceTree = "<group>";
		};
		1B82BD612A9DBE7C00057035 /* Business Logic */ = {
			isa = PBXGroup;
			children = (
				B52CA2612A87B1E30020F33C /* APIClient.swift */,
				1B82BD622A9DBED000057035 /* ImageClient.swift */,
			);
			path = "Business Logic";
			sourceTree = "<group>";
		};
		B520D7C22A83F761002D9EE7 = {
			isa = PBXGroup;
			children = (
				B520D7CD2A83F761002D9EE7 /* Quotable */,
				B520D7CC2A83F761002D9EE7 /* Products */,
			);
			sourceTree = "<group>";
		};
		B520D7CC2A83F761002D9EE7 /* Products */ = {
			isa = PBXGroup;
			children = (
				B520D7CB2A83F761002D9EE7 /* Quotable.app */,
			);
			name = Products;
			sourceTree = "<group>";
		};
		B520D7CD2A83F761002D9EE7 /* Quotable */ = {
			isa = PBXGroup;
			children = (
				1FA8EE0C2A930FCB007E5478 /* Quotable.entitlements */,
				1F7050B72A8CACE300A3A82F /* GlobalObjects.swift */,
				B52CA25E2A87ADA10020F33C /* Special Views */,
				B520D7CE2A83F761002D9EE7 /* AppDelegate.swift */,
				B520D7D02A83F761002D9EE7 /* SceneDelegate.swift */,
				B52CA25B2A87A79F0020F33C /* Model */,
				B52CA2572A87A7370020F33C /* View */,
				B52CA2582A87A74B0020F33C /* Controller */,
				B520D7D72A83F763002D9EE7 /* Assets.xcassets */,
				B520D7DC2A83F763002D9EE7 /* Info.plist */,
				1F0702C52A9289EF00AF3642 /* GoogleService-Info.plist */,
			);
			path = Quotable;
			sourceTree = "<group>";
		};
		B52CA2572A87A7370020F33C /* View */ = {
			isa = PBXGroup;
			children = (
				B520D7D42A83F761002D9EE7 /* Main.storyboard */,
				B520D7D92A83F763002D9EE7 /* LaunchScreen.storyboard */,
			);
			path = View;
			sourceTree = "<group>";
		};
		B52CA2582A87A74B0020F33C /* Controller */ = {
			isa = PBXGroup;
			children = (
				B520D7D22A83F761002D9EE7 /* RegisterViewController1.swift */,
				B52CA2592A87A7850020F33C /* SelectCountryViewController.swift */,
				1F2A0BBA2A93322500136436 /* RegisterViewController.swift */,
				1F2B179D2A9481D00061AE0A /* HomeViewController.swift */,
			);
			path = Controller;
			sourceTree = "<group>";
		};
		B52CA25B2A87A79F0020F33C /* Model */ = {
			isa = PBXGroup;
			children = (
				1B82BD612A9DBE7C00057035 /* Business Logic */,
				1B82BD602A9DBE5F00057035 /* Data Models */,
			);
			path = Model;
			sourceTree = "<group>";
		};
		B52CA25E2A87ADA10020F33C /* Special Views */ = {
			isa = PBXGroup;
			children = (
				B52CA25F2A87ADBB0020F33C /* CountryTableViewCell.swift */,
				1F2B179F2A94B8F60061AE0A /* photoCollectionViewCell.swift */,
			);
			path = "Special Views";
			sourceTree = "<group>";
		};
/* End PBXGroup section */

/* Begin PBXNativeTarget section */
		B520D7CA2A83F761002D9EE7 /* Quotable */ = {
			isa = PBXNativeTarget;
			buildConfigurationList = B520D7DF2A83F763002D9EE7 /* Build configuration list for PBXNativeTarget "Quotable" */;
			buildPhases = (
				B520D7C72A83F761002D9EE7 /* Sources */,
				B520D7C82A83F761002D9EE7 /* Frameworks */,
				B520D7C92A83F761002D9EE7 /* Resources */,
			);
			buildRules = (
			);
			dependencies = (
			);
			name = Quotable;
			packageProductDependencies = (
				1FA8EE082A930BDA007E5478 /* FirebaseAuth */,
				1FA8EE0A2A930BDA007E5478 /* FirebaseFirestore */,
			);
			productName = Quotable;
			productReference = B520D7CB2A83F761002D9EE7 /* Quotable.app */;
			productType = "com.apple.product-type.application";
		};
/* End PBXNativeTarget section */

/* Begin PBXProject section */
		B520D7C32A83F761002D9EE7 /* Project object */ = {
			isa = PBXProject;
			attributes = {
				BuildIndependentTargetsInParallel = 1;
				LastSwiftUpdateCheck = 1420;
				LastUpgradeCheck = 1420;
				TargetAttributes = {
					B520D7CA2A83F761002D9EE7 = {
						CreatedOnToolsVersion = 14.2;
					};
				};
			};
			buildConfigurationList = B520D7C62A83F761002D9EE7 /* Build configuration list for PBXProject "Quotable" */;
			compatibilityVersion = "Xcode 14.0";
			developmentRegion = en;
			hasScannedForEncodings = 0;
			knownRegions = (
				en,
				Base,
			);
			mainGroup = B520D7C22A83F761002D9EE7;
			packageReferences = (
				1FA8EE072A930BDA007E5478 /* XCRemoteSwiftPackageReference "firebase-ios-sdk" */,
			);
			productRefGroup = B520D7CC2A83F761002D9EE7 /* Products */;
			projectDirPath = "";
			projectRoot = "";
			targets = (
				B520D7CA2A83F761002D9EE7 /* Quotable */,
			);
		};
/* End PBXProject section */

/* Begin PBXResourcesBuildPhase section */
		B520D7C92A83F761002D9EE7 /* Resources */ = {
			isa = PBXResourcesBuildPhase;
			buildActionMask = 2147483647;
			files = (
				B520D7DB2A83F763002D9EE7 /* LaunchScreen.storyboard in Resources */,
				B520D7D82A83F763002D9EE7 /* Assets.xcassets in Resources */,
				B520D7D62A83F761002D9EE7 /* Main.storyboard in Resources */,
			);
			runOnlyForDeploymentPostprocessing = 0;
		};
/* End PBXResourcesBuildPhase section */

/* Begin PBXSourcesBuildPhase section */
		B520D7C72A83F761002D9EE7 /* Sources */ = {
			isa = PBXSourcesBuildPhase;
			buildActionMask = 2147483647;
			files = (
				1F2B17A02A94B8F60061AE0A /* photoCollectionViewCell.swift in Sources */,
				1BF0F74C2A971B9E00C45FFE /* QuoteImage.swift in Sources */,
				1F2A0BBB2A93322500136436 /* RegisterViewController.swift in Sources */,
				B52CA2622A87B1E30020F33C /* APIClient.swift in Sources */,
				1F7050B82A8CACE300A3A82F /* GlobalObjects.swift in Sources */,
				1F3B855E2A952FDC009B810E /* Quote.swift in Sources */,
				1B82BD632A9DBED000057035 /* ImageClient.swift in Sources */,
				B52CA2602A87ADBB0020F33C /* CountryTableViewCell.swift in Sources */,
				B520D7D32A83F761002D9EE7 /* RegisterViewController1.swift in Sources */,
				1F2B179E2A9481D00061AE0A /* HomeViewController.swift in Sources */,
				B52CA25D2A87A7C10020F33C /* Country.swift in Sources */,
				B52CA25A2A87A7850020F33C /* SelectCountryViewController.swift in Sources */,
				B520D7CF2A83F761002D9EE7 /* AppDelegate.swift in Sources */,
				B520D7D12A83F761002D9EE7 /* SceneDelegate.swift in Sources */,
			);
			runOnlyForDeploymentPostprocessing = 0;
		};
/* End PBXSourcesBuildPhase section */

/* Begin PBXVariantGroup section */
		B520D7D42A83F761002D9EE7 /* Main.storyboard */ = {
			isa = PBXVariantGroup;
			children = (
				B520D7D52A83F761002D9EE7 /* Base */,
			);
			name = Main.storyboard;
			sourceTree = "<group>";
		};
		B520D7D92A83F763002D9EE7 /* LaunchScreen.storyboard */ = {
			isa = PBXVariantGroup;
			children = (
				B520D7DA2A83F763002D9EE7 /* Base */,
			);
			name = LaunchScreen.storyboard;
			sourceTree = "<group>";
		};
/* End PBXVariantGroup section */

/* Begin XCBuildConfiguration section */
		B520D7DD2A83F763002D9EE7 /* Debug */ = {
			isa = XCBuildConfiguration;
			buildSettings = {
				ALWAYS_SEARCH_USER_PATHS = NO;
				CLANG_ANALYZER_NONNULL = YES;
				CLANG_ANALYZER_NUMBER_OBJECT_CONVERSION = YES_AGGRESSIVE;
				CLANG_CXX_LANGUAGE_STANDARD = "gnu++20";
				CLANG_ENABLE_MODULES = YES;
				CLANG_ENABLE_OBJC_ARC = YES;
				CLANG_ENABLE_OBJC_WEAK = YES;
				CLANG_WARN_BLOCK_CAPTURE_AUTORELEASING = YES;
				CLANG_WARN_BOOL_CONVERSION = YES;
				CLANG_WARN_COMMA = YES;
				CLANG_WARN_CONSTANT_CONVERSION = YES;
				CLANG_WARN_DEPRECATED_OBJC_IMPLEMENTATIONS = YES;
				CLANG_WARN_DIRECT_OBJC_ISA_USAGE = YES_ERROR;
				CLANG_WARN_DOCUMENTATION_COMMENTS = YES;
				CLANG_WARN_EMPTY_BODY = YES;
				CLANG_WARN_ENUM_CONVERSION = YES;
				CLANG_WARN_INFINITE_RECURSION = YES;
				CLANG_WARN_INT_CONVERSION = YES;
				CLANG_WARN_NON_LITERAL_NULL_CONVERSION = YES;
				CLANG_WARN_OBJC_IMPLICIT_RETAIN_SELF = YES;
				CLANG_WARN_OBJC_LITERAL_CONVERSION = YES;
				CLANG_WARN_OBJC_ROOT_CLASS = YES_ERROR;
				CLANG_WARN_QUOTED_INCLUDE_IN_FRAMEWORK_HEADER = YES;
				CLANG_WARN_RANGE_LOOP_ANALYSIS = YES;
				CLANG_WARN_STRICT_PROTOTYPES = YES;
				CLANG_WARN_SUSPICIOUS_MOVE = YES;
				CLANG_WARN_UNGUARDED_AVAILABILITY = YES_AGGRESSIVE;
				CLANG_WARN_UNREACHABLE_CODE = YES;
				CLANG_WARN__DUPLICATE_METHOD_MATCH = YES;
				COPY_PHASE_STRIP = NO;
				DEBUG_INFORMATION_FORMAT = dwarf;
				ENABLE_STRICT_OBJC_MSGSEND = YES;
				ENABLE_TESTABILITY = YES;
				GCC_C_LANGUAGE_STANDARD = gnu11;
				GCC_DYNAMIC_NO_PIC = NO;
				GCC_NO_COMMON_BLOCKS = YES;
				GCC_OPTIMIZATION_LEVEL = 0;
				GCC_PREPROCESSOR_DEFINITIONS = (
					"DEBUG=1",
					"$(inherited)",
				);
				GCC_WARN_64_TO_32_BIT_CONVERSION = YES;
				GCC_WARN_ABOUT_RETURN_TYPE = YES_ERROR;
				GCC_WARN_UNDECLARED_SELECTOR = YES;
				GCC_WARN_UNINITIALIZED_AUTOS = YES_AGGRESSIVE;
				GCC_WARN_UNUSED_FUNCTION = YES;
				GCC_WARN_UNUSED_VARIABLE = YES;
				IPHONEOS_DEPLOYMENT_TARGET = 16.2;
				MTL_ENABLE_DEBUG_INFO = INCLUDE_SOURCE;
				MTL_FAST_MATH = YES;
				ONLY_ACTIVE_ARCH = YES;
				SDKROOT = iphoneos;
				SWIFT_ACTIVE_COMPILATION_CONDITIONS = DEBUG;
				SWIFT_OPTIMIZATION_LEVEL = "-Onone";
			};
			name = Debug;
		};
		B520D7DE2A83F763002D9EE7 /* Release */ = {
			isa = XCBuildConfiguration;
			buildSettings = {
				ALWAYS_SEARCH_USER_PATHS = NO;
				CLANG_ANALYZER_NONNULL = YES;
				CLANG_ANALYZER_NUMBER_OBJECT_CONVERSION = YES_AGGRESSIVE;
				CLANG_CXX_LANGUAGE_STANDARD = "gnu++20";
				CLANG_ENABLE_MODULES = YES;
				CLANG_ENABLE_OBJC_ARC = YES;
				CLANG_ENABLE_OBJC_WEAK = YES;
				CLANG_WARN_BLOCK_CAPTURE_AUTORELEASING = YES;
				CLANG_WARN_BOOL_CONVERSION = YES;
				CLANG_WARN_COMMA = YES;
				CLANG_WARN_CONSTANT_CONVERSION = YES;
				CLANG_WARN_DEPRECATED_OBJC_IMPLEMENTATIONS = YES;
				CLANG_WARN_DIRECT_OBJC_ISA_USAGE = YES_ERROR;
				CLANG_WARN_DOCUMENTATION_COMMENTS = YES;
				CLANG_WARN_EMPTY_BODY = YES;
				CLANG_WARN_ENUM_CONVERSION = YES;
				CLANG_WARN_INFINITE_RECURSION = YES;
				CLANG_WARN_INT_CONVERSION = YES;
				CLANG_WARN_NON_LITERAL_NULL_CONVERSION = YES;
				CLANG_WARN_OBJC_IMPLICIT_RETAIN_SELF = YES;
				CLANG_WARN_OBJC_LITERAL_CONVERSION = YES;
				CLANG_WARN_OBJC_ROOT_CLASS = YES_ERROR;
				CLANG_WARN_QUOTED_INCLUDE_IN_FRAMEWORK_HEADER = YES;
				CLANG_WARN_RANGE_LOOP_ANALYSIS = YES;
				CLANG_WARN_STRICT_PROTOTYPES = YES;
				CLANG_WARN_SUSPICIOUS_MOVE = YES;
				CLANG_WARN_UNGUARDED_AVAILABILITY = YES_AGGRESSIVE;
				CLANG_WARN_UNREACHABLE_CODE = YES;
				CLANG_WARN__DUPLICATE_METHOD_MATCH = YES;
				COPY_PHASE_STRIP = NO;
				DEBUG_INFORMATION_FORMAT = "dwarf-with-dsym";
				ENABLE_NS_ASSERTIONS = NO;
				ENABLE_STRICT_OBJC_MSGSEND = YES;
				GCC_C_LANGUAGE_STANDARD = gnu11;
				GCC_NO_COMMON_BLOCKS = YES;
				GCC_WARN_64_TO_32_BIT_CONVERSION = YES;
				GCC_WARN_ABOUT_RETURN_TYPE = YES_ERROR;
				GCC_WARN_UNDECLARED_SELECTOR = YES;
				GCC_WARN_UNINITIALIZED_AUTOS = YES_AGGRESSIVE;
				GCC_WARN_UNUSED_FUNCTION = YES;
				GCC_WARN_UNUSED_VARIABLE = YES;
				IPHONEOS_DEPLOYMENT_TARGET = 16.2;
				MTL_ENABLE_DEBUG_INFO = NO;
				MTL_FAST_MATH = YES;
				SDKROOT = iphoneos;
				SWIFT_COMPILATION_MODE = wholemodule;
				SWIFT_OPTIMIZATION_LEVEL = "-O";
				VALIDATE_PRODUCT = YES;
			};
			name = Release;
		};
		B520D7E02A83F763002D9EE7 /* Debug */ = {
			isa = XCBuildConfiguration;
			buildSettings = {
				ASSETCATALOG_COMPILER_APPICON_NAME = AppIcon;
				ASSETCATALOG_COMPILER_GLOBAL_ACCENT_COLOR_NAME = AccentColor;
				CODE_SIGN_ENTITLEMENTS = Quotable/Quotable.entitlements;
				CODE_SIGN_STYLE = Automatic;
				CURRENT_PROJECT_VERSION = 1;
				GENERATE_INFOPLIST_FILE = YES;
				INFOPLIST_FILE = Quotable/Info.plist;
				INFOPLIST_KEY_UIApplicationSupportsIndirectInputEvents = YES;
				INFOPLIST_KEY_UILaunchStoryboardName = LaunchScreen;
				INFOPLIST_KEY_UIMainStoryboardFile = Main;
				INFOPLIST_KEY_UISupportedInterfaceOrientations_iPad = "UIInterfaceOrientationPortrait UIInterfaceOrientationPortraitUpsideDown UIInterfaceOrientationLandscapeLeft UIInterfaceOrientationLandscapeRight";
				INFOPLIST_KEY_UISupportedInterfaceOrientations_iPhone = "UIInterfaceOrientationPortrait UIInterfaceOrientationLandscapeLeft UIInterfaceOrientationLandscapeRight";
				IPHONEOS_DEPLOYMENT_TARGET = 13.0;
				LD_RUNPATH_SEARCH_PATHS = (
					"$(inherited)",
					"@executable_path/Frameworks",
				);
				MARKETING_VERSION = 1.0;
				PRODUCT_BUNDLE_IDENTIFIER = com.dk.Quotable;
				PRODUCT_NAME = "$(TARGET_NAME)";
				SWIFT_EMIT_LOC_STRINGS = YES;
				SWIFT_VERSION = 5.0;
				TARGETED_DEVICE_FAMILY = "1,2";
			};
			name = Debug;
		};
		B520D7E12A83F763002D9EE7 /* Release */ = {
			isa = XCBuildConfiguration;
			buildSettings = {
				ASSETCATALOG_COMPILER_APPICON_NAME = AppIcon;
				ASSETCATALOG_COMPILER_GLOBAL_ACCENT_COLOR_NAME = AccentColor;
				CODE_SIGN_ENTITLEMENTS = Quotable/Quotable.entitlements;
				CODE_SIGN_STYLE = Automatic;
				CURRENT_PROJECT_VERSION = 1;
				GENERATE_INFOPLIST_FILE = YES;
				INFOPLIST_FILE = Quotable/Info.plist;
				INFOPLIST_KEY_UIApplicationSupportsIndirectInputEvents = YES;
				INFOPLIST_KEY_UILaunchStoryboardName = LaunchScreen;
				INFOPLIST_KEY_UIMainStoryboardFile = Main;
				INFOPLIST_KEY_UISupportedInterfaceOrientations_iPad = "UIInterfaceOrientationPortrait UIInterfaceOrientationPortraitUpsideDown UIInterfaceOrientationLandscapeLeft UIInterfaceOrientationLandscapeRight";
				INFOPLIST_KEY_UISupportedInterfaceOrientations_iPhone = "UIInterfaceOrientationPortrait UIInterfaceOrientationLandscapeLeft UIInterfaceOrientationLandscapeRight";
				IPHONEOS_DEPLOYMENT_TARGET = 13.0;
				LD_RUNPATH_SEARCH_PATHS = (
					"$(inherited)",
					"@executable_path/Frameworks",
				);
				MARKETING_VERSION = 1.0;
				PRODUCT_BUNDLE_IDENTIFIER = com.dk.Quotable;
				PRODUCT_NAME = "$(TARGET_NAME)";
				SWIFT_EMIT_LOC_STRINGS = YES;
				SWIFT_VERSION = 5.0;
				TARGETED_DEVICE_FAMILY = "1,2";
			};
			name = Release;
		};
/* End XCBuildConfiguration section */

/* Begin XCConfigurationList section */
		B520D7C62A83F761002D9EE7 /* Build configuration list for PBXProject "Quotable" */ = {
			isa = XCConfigurationList;
			buildConfigurations = (
				B520D7DD2A83F763002D9EE7 /* Debug */,
				B520D7DE2A83F763002D9EE7 /* Release */,
			);
			defaultConfigurationIsVisible = 0;
			defaultConfigurationName = Release;
		};
		B520D7DF2A83F763002D9EE7 /* Build configuration list for PBXNativeTarget "Quotable" */ = {
			isa = XCConfigurationList;
			buildConfigurations = (
				B520D7E02A83F763002D9EE7 /* Debug */,
				B520D7E12A83F763002D9EE7 /* Release */,
			);
			defaultConfigurationIsVisible = 0;
			defaultConfigurationName = Release;
		};
/* End XCConfigurationList section */

/* Begin XCRemoteSwiftPackageReference section */
		1FA8EE072A930BDA007E5478 /* XCRemoteSwiftPackageReference "firebase-ios-sdk" */ = {
			isa = XCRemoteSwiftPackageReference;
			repositoryURL = "https://github.com/firebase/firebase-ios-sdk";
			requirement = {
				kind = upToNextMajorVersion;
				minimumVersion = 9.0.0;
			};
		};
/* End XCRemoteSwiftPackageReference section */

/* Begin XCSwiftPackageProductDependency section */
		1FA8EE082A930BDA007E5478 /* FirebaseAuth */ = {
			isa = XCSwiftPackageProductDependency;
			package = 1FA8EE072A930BDA007E5478 /* XCRemoteSwiftPackageReference "firebase-ios-sdk" */;
			productName = FirebaseAuth;
		};
		1FA8EE0A2A930BDA007E5478 /* FirebaseFirestore */ = {
			isa = XCSwiftPackageProductDependency;
			package = 1FA8EE072A930BDA007E5478 /* XCRemoteSwiftPackageReference "firebase-ios-sdk" */;
			productName = FirebaseFirestore;
		};
/* End XCSwiftPackageProductDependency section */
	};
	rootObject = B520D7C32A83F761002D9EE7 /* Project object */;
}
